
Microsoft Visual Studio Solution File, Format Version 12.00
# Visual Studio Version 17
VisualStudioVersion = 17.9.34622.214
MinimumVisualStudioVersion = 10.0.40219.1
Project("{FAE04EC0-301F-11D3-BF4B-00C04F79EFBC}") = "ProducerConsumerPattern", "ProducerConsumerPattern\ProducerConsumerPattern.csproj", "{F7A270F6-375C-4798-B51F-5225A529817B}"
EndProject
Global
	GlobalSection(SolutionConfigurationPlatforms) = preSolution
		Debug|Any CPU = Debug|Any CPU
		Release|Any CPU = Release|Any CPU
	EndGlobalSection
	GlobalSection(ProjectConfigurationPlatforms) = postSolution
		{F7A270F6-375C-4798-B51F-5225A529817B}.Debug|Any CPU.ActiveCfg = Debug|Any CPU
		{F7A270F6-375C-4798-B51F-5225A529817B}.Debug|Any CPU.Build.0 = Debug|Any CPU
		{F7A270F6-375C-4798-B51F-5225A529817B}.Release|Any CPU.ActiveCfg = Release|Any CPU
		{F7A270F6-375C-4798-B51F-5225A529817B}.Release|Any CPU.Build.0 = Release|Any CPU
	EndGlobalSection
	GlobalSection(SolutionProperties) = preSolution
		HideSolutionNode = FALSE
	EndGlobalSection
	GlobalSection(ExtensibilityGlobals) = postSolution
		SolutionGuid = {C11E4155-8488-4683-B288-8D96C86B4A9F}
	EndGlobalSection
EndGlobal
